{
    "_readme": [
        "This file locks the dependencies of your project to a known state",
        "Read more about it at https://getcomposer.org/doc/01-basic-usage.md#installing-dependencies",
        "This file is @generated automatically"
    ],
    "content-hash": "37d23d4a453c9cc9a5c7fc9610c74289",
    "packages": [
        {
            "name": "pkpass/pkpass",
            "version": "v2.4.0",
            "source": {
                "type": "git",
                "url": "https://github.com/tschoffelen/php-pkpass.git",
                "reference": "79ac33102ce6d5d69bfb97454f1490f37c4e2942"
            },
            "dist": {
                "type": "zip",
                "url": "https://api.github.com/repos/tschoffelen/php-pkpass/zipball/79ac33102ce6d5d69bfb97454f1490f37c4e2942",
                "reference": "79ac33102ce6d5d69bfb97454f1490f37c4e2942",
                "shasum": ""
            },
            "require": {
                "ext-json": "*",
                "ext-openssl": "*",
                "ext-zip": "*",
                "php": ">=7.0"
            },
            "require-dev": {
                "phpunit/phpunit": "^9.6"
            },
            "type": "library",
            "autoload": {
                "psr-4": {
                    "PKPass\\": "src"
                }
            },
            "notification-url": "https://packagist.org/downloads/",
            "license": [
                "MIT"
            ],
            "authors": [
                {
                    "name": "Thomas Schoffelen",
                    "email": "thomas@includable.com",
                    "homepage": "https://schof.co/"
                }
            ],
            "description": "PHP PKPass class for iOS Wallet",
            "homepage": "https://github.com/includable/php-pkpass",
            "keywords": [
                "apple",
                "ios",
                "ipad",
                "iphone",
                "passbook",
                "php",
                "wallet"
            ],
            "support": {
                "issues": "https://github.com/tschoffelen/php-pkpass/issues",
                "source": "https://github.com/tschoffelen/php-pkpass/tree/v2.4.0"
            },
            "funding": [
                {
                    "url": "https://github.com/tschoffelen",
                    "type": "github"
                }
            ],
            "time": "2025-06-16T16:10:17+00:00"
        }
    ],
    "packages-dev": [],
    "aliases": [],
    "minimum-stability": "stable",
    "stability-flags": {},
    "prefer-stable": false,
    "prefer-lowest": false,
    "platform": {},
    "platform-dev": {},
    "plugin-api-version": "2.6.0"
}
